
Microsoft Visual Studio Solution File, Format Version 9.00
# Visual Studio 2005
Project("{FAE04EC0-301F-11D3-BF4B-00C04F79EFBC}") = "pattern_matching_gui_run", "pattern_matching_gui_run\pattern_matching_gui_run.csproj", "{274D9A05-1359-4EFA-ACCF-DD2E6800DD13}"
	ProjectSection(WebsiteProperties) = preProject
		Debug.AspNetCompiler.Debug = "True"
		Release.AspNetCompiler.Debug = "False"
	EndProjectSection
EndProject
Project("{8BC9CEB8-8B4A-11D0-8D11-00A0C91BC942}") = "correlationCudaLibrary", "correlation_cuda_lib\correlationCudaLibrary.vcproj", "{19DB2462-1724-451B-A65C-CC8FF98BCFD9}"
	ProjectSection(WebsiteProperties) = preProject
		Debug.AspNetCompiler.Debug = "True"
		Release.AspNetCompiler.Debug = "False"
	EndProjectSection
EndProject
Project("{8BC9CEB8-8B4A-11D0-8D11-00A0C91BC942}") = "correlation_cuda_run", "correlation_cuda_run\correlationCuda.vcproj", "{A156C1A9-BFD5-49E4-9B49-0D3DEA924453}"
	ProjectSection(WebsiteProperties) = preProject
		Debug.AspNetCompiler.Debug = "True"
		Release.AspNetCompiler.Debug = "False"
	EndProjectSection
	ProjectSection(ProjectDependencies) = postProject
		{19DB2462-1724-451B-A65C-CC8FF98BCFD9} = {19DB2462-1724-451B-A65C-CC8FF98BCFD9}
		{6C0A2F0D-7321-4B6E-898E-3A5585258574} = {6C0A2F0D-7321-4B6E-898E-3A5585258574}
	EndProjectSection
EndProject
Project("{8BC9CEB8-8B4A-11D0-8D11-00A0C91BC942}") = "filtrationCudaLibrary", "filtration_cuda_lib\filtrationCudaLibrary.vcproj", "{D06E0994-530D-4579-BCB9-541FADA917F0}"
	ProjectSection(WebsiteProperties) = preProject
		Debug.AspNetCompiler.Debug = "True"
		Release.AspNetCompiler.Debug = "False"
	EndProjectSection
EndProject
Project("{8BC9CEB8-8B4A-11D0-8D11-00A0C91BC942}") = "filtration_cuda_run", "filtration_cuda_run\filtrationCuda.vcproj", "{574FBEE5-8BB3-4206-8F7D-8608E1B13841}"
	ProjectSection(WebsiteProperties) = preProject
		Debug.AspNetCompiler.Debug = "True"
		Release.AspNetCompiler.Debug = "False"
	EndProjectSection
	ProjectSection(ProjectDependencies) = postProject
		{D06E0994-530D-4579-BCB9-541FADA917F0} = {D06E0994-530D-4579-BCB9-541FADA917F0}
		{6C0A2F0D-7321-4B6E-898E-3A5585258574} = {6C0A2F0D-7321-4B6E-898E-3A5585258574}
	EndProjectSection
EndProject
Project("{8BC9CEB8-8B4A-11D0-8D11-00A0C91BC942}") = "filtrationLibrary", "filtration_lib\filtrationLibrary.vcproj", "{3F967EAD-5AD4-467A-8AD0-9C172D436D9E}"
	ProjectSection(WebsiteProperties) = preProject
		Debug.AspNetCompiler.Debug = "True"
		Release.AspNetCompiler.Debug = "False"
	EndProjectSection
EndProject
Project("{8BC9CEB8-8B4A-11D0-8D11-00A0C91BC942}") = "filtration_run", "filtration_run\filtration.vcproj", "{24080C56-4E13-4597-A3AB-C381F17A305C}"
	ProjectSection(WebsiteProperties) = preProject
		Debug.AspNetCompiler.Debug = "True"
		Release.AspNetCompiler.Debug = "False"
	EndProjectSection
	ProjectSection(ProjectDependencies) = postProject
		{6C0A2F0D-7321-4B6E-898E-3A5585258574} = {6C0A2F0D-7321-4B6E-898E-3A5585258574}
		{3F967EAD-5AD4-467A-8AD0-9C172D436D9E} = {3F967EAD-5AD4-467A-8AD0-9C172D436D9E}
	EndProjectSection
EndProject
Project("{8BC9CEB8-8B4A-11D0-8D11-00A0C91BC942}") = "simple_matching_run", "simple_matching_run\simpleMatching.vcproj", "{55F71337-32A6-4C26-8CBA-A06A9183D6F2}"
	ProjectSection(WebsiteProperties) = preProject
		Debug.AspNetCompiler.Debug = "True"
		Release.AspNetCompiler.Debug = "False"
	EndProjectSection
	ProjectSection(ProjectDependencies) = postProject
		{6C0A2F0D-7321-4B6E-898E-3A5585258574} = {6C0A2F0D-7321-4B6E-898E-3A5585258574}
	EndProjectSection
EndProject
Project("{8BC9CEB8-8B4A-11D0-8D11-00A0C91BC942}") = "walsh_hadamard_run", "walsh_hadamard_run\walshHadamard.vcproj", "{0361E404-ACBB-45AA-B15A-CAED90D12255}"
	ProjectSection(WebsiteProperties) = preProject
		Debug.AspNetCompiler.Debug = "True"
		Release.AspNetCompiler.Debug = "False"
	EndProjectSection
	ProjectSection(ProjectDependencies) = postProject
		{6C0A2F0D-7321-4B6E-898E-3A5585258574} = {6C0A2F0D-7321-4B6E-898E-3A5585258574}
	EndProjectSection
EndProject
Project("{8BC9CEB8-8B4A-11D0-8D11-00A0C91BC942}") = "imageLibrary", "image_lib\imageLibrary.vcproj", "{6C0A2F0D-7321-4B6E-898E-3A5585258574}"
	ProjectSection(WebsiteProperties) = preProject
		Debug.AspNetCompiler.Debug = "True"
		Release.AspNetCompiler.Debug = "False"
	EndProjectSection
EndProject
Global
	GlobalSection(SolutionConfigurationPlatforms) = preSolution
		Debug|Any CPU = Debug|Any CPU
		Debug|Mixed Platforms = Debug|Mixed Platforms
		Debug|Win32 = Debug|Win32
		Debug|x64 = Debug|x64
		EmuDebug|Any CPU = EmuDebug|Any CPU
		EmuDebug|Mixed Platforms = EmuDebug|Mixed Platforms
		EmuDebug|Win32 = EmuDebug|Win32
		EmuDebug|x64 = EmuDebug|x64
		EmuRelease|Any CPU = EmuRelease|Any CPU
		EmuRelease|Mixed Platforms = EmuRelease|Mixed Platforms
		EmuRelease|Win32 = EmuRelease|Win32
		EmuRelease|x64 = EmuRelease|x64
		Release|Any CPU = Release|Any CPU
		Release|Mixed Platforms = Release|Mixed Platforms
		Release|Win32 = Release|Win32
		Release|x64 = Release|x64
	EndGlobalSection
	GlobalSection(ProjectConfigurationPlatforms) = postSolution
		{274D9A05-1359-4EFA-ACCF-DD2E6800DD13}.Debug|Any CPU.ActiveCfg = Debug|Any CPU
		{274D9A05-1359-4EFA-ACCF-DD2E6800DD13}.Debug|Any CPU.Build.0 = Debug|Any CPU
		{274D9A05-1359-4EFA-ACCF-DD2E6800DD13}.Debug|Mixed Platforms.ActiveCfg = Debug|Any CPU
		{274D9A05-1359-4EFA-ACCF-DD2E6800DD13}.Debug|Mixed Platforms.Build.0 = Debug|Any CPU
		{274D9A05-1359-4EFA-ACCF-DD2E6800DD13}.Debug|Win32.ActiveCfg = Debug|Any CPU
		{274D9A05-1359-4EFA-ACCF-DD2E6800DD13}.Debug|x64.ActiveCfg = Debug|Any CPU
		{274D9A05-1359-4EFA-ACCF-DD2E6800DD13}.EmuDebug|Any CPU.ActiveCfg = Debug|Any CPU
		{274D9A05-1359-4EFA-ACCF-DD2E6800DD13}.EmuDebug|Any CPU.Build.0 = Debug|Any CPU
		{274D9A05-1359-4EFA-ACCF-DD2E6800DD13}.EmuDebug|Mixed Platforms.ActiveCfg = Debug|Any CPU
		{274D9A05-1359-4EFA-ACCF-DD2E6800DD13}.EmuDebug|Mixed Platforms.Build.0 = Debug|Any CPU
		{274D9A05-1359-4EFA-ACCF-DD2E6800DD13}.EmuDebug|Win32.ActiveCfg = Debug|Any CPU
		{274D9A05-1359-4EFA-ACCF-DD2E6800DD13}.EmuDebug|x64.ActiveCfg = Debug|Any CPU
		{274D9A05-1359-4EFA-ACCF-DD2E6800DD13}.EmuRelease|Any CPU.ActiveCfg = Release|Any CPU
		{274D9A05-1359-4EFA-ACCF-DD2E6800DD13}.EmuRelease|Any CPU.Build.0 = Release|Any CPU
		{274D9A05-1359-4EFA-ACCF-DD2E6800DD13}.EmuRelease|Mixed Platforms.ActiveCfg = Release|Any CPU
		{274D9A05-1359-4EFA-ACCF-DD2E6800DD13}.EmuRelease|Mixed Platforms.Build.0 = Release|Any CPU
		{274D9A05-1359-4EFA-ACCF-DD2E6800DD13}.EmuRelease|Win32.ActiveCfg = Release|Any CPU
		{274D9A05-1359-4EFA-ACCF-DD2E6800DD13}.EmuRelease|x64.ActiveCfg = Release|Any CPU
		{274D9A05-1359-4EFA-ACCF-DD2E6800DD13}.Release|Any CPU.ActiveCfg = Release|Any CPU
		{274D9A05-1359-4EFA-ACCF-DD2E6800DD13}.Release|Any CPU.Build.0 = Release|Any CPU
		{274D9A05-1359-4EFA-ACCF-DD2E6800DD13}.Release|Mixed Platforms.ActiveCfg = Release|Any CPU
		{274D9A05-1359-4EFA-ACCF-DD2E6800DD13}.Release|Mixed Platforms.Build.0 = Release|Any CPU
		{274D9A05-1359-4EFA-ACCF-DD2E6800DD13}.Release|Win32.ActiveCfg = Release|Any CPU
		{274D9A05-1359-4EFA-ACCF-DD2E6800DD13}.Release|x64.ActiveCfg = Release|Any CPU
		{19DB2462-1724-451B-A65C-CC8FF98BCFD9}.Debug|Any CPU.ActiveCfg = Release|Win32
		{19DB2462-1724-451B-A65C-CC8FF98BCFD9}.Debug|Mixed Platforms.ActiveCfg = Release|Win32
		{19DB2462-1724-451B-A65C-CC8FF98BCFD9}.Debug|Mixed Platforms.Build.0 = Release|Win32
		{19DB2462-1724-451B-A65C-CC8FF98BCFD9}.Debug|Win32.ActiveCfg = Release|Win32
		{19DB2462-1724-451B-A65C-CC8FF98BCFD9}.Debug|Win32.Build.0 = Release|Win32
		{19DB2462-1724-451B-A65C-CC8FF98BCFD9}.Debug|x64.ActiveCfg = Release|Win32
		{19DB2462-1724-451B-A65C-CC8FF98BCFD9}.EmuDebug|Any CPU.ActiveCfg = Release|Win32
		{19DB2462-1724-451B-A65C-CC8FF98BCFD9}.EmuDebug|Mixed Platforms.ActiveCfg = Release|Win32
		{19DB2462-1724-451B-A65C-CC8FF98BCFD9}.EmuDebug|Mixed Platforms.Build.0 = Release|Win32
		{19DB2462-1724-451B-A65C-CC8FF98BCFD9}.EmuDebug|Win32.ActiveCfg = Release|Win32
		{19DB2462-1724-451B-A65C-CC8FF98BCFD9}.EmuDebug|Win32.Build.0 = Release|Win32
		{19DB2462-1724-451B-A65C-CC8FF98BCFD9}.EmuDebug|x64.ActiveCfg = Release|Win32
		{19DB2462-1724-451B-A65C-CC8FF98BCFD9}.EmuRelease|Any CPU.ActiveCfg = Release|Win32
		{19DB2462-1724-451B-A65C-CC8FF98BCFD9}.EmuRelease|Mixed Platforms.ActiveCfg = Release|Win32
		{19DB2462-1724-451B-A65C-CC8FF98BCFD9}.EmuRelease|Mixed Platforms.Build.0 = Release|Win32
		{19DB2462-1724-451B-A65C-CC8FF98BCFD9}.EmuRelease|Win32.ActiveCfg = Release|Win32
		{19DB2462-1724-451B-A65C-CC8FF98BCFD9}.EmuRelease|Win32.Build.0 = Release|Win32
		{19DB2462-1724-451B-A65C-CC8FF98BCFD9}.EmuRelease|x64.ActiveCfg = Release|Win32
		{19DB2462-1724-451B-A65C-CC8FF98BCFD9}.Release|Any CPU.ActiveCfg = Release|Win32
		{19DB2462-1724-451B-A65C-CC8FF98BCFD9}.Release|Mixed Platforms.ActiveCfg = Release|Win32
		{19DB2462-1724-451B-A65C-CC8FF98BCFD9}.Release|Mixed Platforms.Build.0 = Release|Win32
		{19DB2462-1724-451B-A65C-CC8FF98BCFD9}.Release|Win32.ActiveCfg = Release|Win32
		{19DB2462-1724-451B-A65C-CC8FF98BCFD9}.Release|Win32.Build.0 = Release|Win32
		{19DB2462-1724-451B-A65C-CC8FF98BCFD9}.Release|x64.ActiveCfg = Release|Win32
		{A156C1A9-BFD5-49E4-9B49-0D3DEA924453}.Debug|Any CPU.ActiveCfg = Debug|x64
		{A156C1A9-BFD5-49E4-9B49-0D3DEA924453}.Debug|Mixed Platforms.ActiveCfg = Debug|x64
		{A156C1A9-BFD5-49E4-9B49-0D3DEA924453}.Debug|Mixed Platforms.Build.0 = Debug|x64
		{A156C1A9-BFD5-49E4-9B49-0D3DEA924453}.Debug|Win32.ActiveCfg = Debug|Win32
		{A156C1A9-BFD5-49E4-9B49-0D3DEA924453}.Debug|Win32.Build.0 = Debug|Win32
		{A156C1A9-BFD5-49E4-9B49-0D3DEA924453}.Debug|x64.ActiveCfg = Debug|x64
		{A156C1A9-BFD5-49E4-9B49-0D3DEA924453}.Debug|x64.Build.0 = Debug|x64
		{A156C1A9-BFD5-49E4-9B49-0D3DEA924453}.EmuDebug|Any CPU.ActiveCfg = EmuDebug|x64
		{A156C1A9-BFD5-49E4-9B49-0D3DEA924453}.EmuDebug|Mixed Platforms.ActiveCfg = EmuDebug|x64
		{A156C1A9-BFD5-49E4-9B49-0D3DEA924453}.EmuDebug|Mixed Platforms.Build.0 = EmuDebug|x64
		{A156C1A9-BFD5-49E4-9B49-0D3DEA924453}.EmuDebug|Win32.ActiveCfg = EmuDebug|Win32
		{A156C1A9-BFD5-49E4-9B49-0D3DEA924453}.EmuDebug|Win32.Build.0 = EmuDebug|Win32
		{A156C1A9-BFD5-49E4-9B49-0D3DEA924453}.EmuDebug|x64.ActiveCfg = EmuDebug|x64
		{A156C1A9-BFD5-49E4-9B49-0D3DEA924453}.EmuDebug|x64.Build.0 = EmuDebug|x64
		{A156C1A9-BFD5-49E4-9B49-0D3DEA924453}.EmuRelease|Any CPU.ActiveCfg = EmuRelease|x64
		{A156C1A9-BFD5-49E4-9B49-0D3DEA924453}.EmuRelease|Mixed Platforms.ActiveCfg = EmuRelease|x64
		{A156C1A9-BFD5-49E4-9B49-0D3DEA924453}.EmuRelease|Mixed Platforms.Build.0 = EmuRelease|x64
		{A156C1A9-BFD5-49E4-9B49-0D3DEA924453}.EmuRelease|Win32.ActiveCfg = EmuRelease|Win32
		{A156C1A9-BFD5-49E4-9B49-0D3DEA924453}.EmuRelease|Win32.Build.0 = EmuRelease|Win32
		{A156C1A9-BFD5-49E4-9B49-0D3DEA924453}.EmuRelease|x64.ActiveCfg = EmuRelease|x64
		{A156C1A9-BFD5-49E4-9B49-0D3DEA924453}.EmuRelease|x64.Build.0 = EmuRelease|x64
		{A156C1A9-BFD5-49E4-9B49-0D3DEA924453}.Release|Any CPU.ActiveCfg = Release|x64
		{A156C1A9-BFD5-49E4-9B49-0D3DEA924453}.Release|Mixed Platforms.ActiveCfg = Release|Win32
		{A156C1A9-BFD5-49E4-9B49-0D3DEA924453}.Release|Mixed Platforms.Build.0 = Release|Win32
		{A156C1A9-BFD5-49E4-9B49-0D3DEA924453}.Release|Win32.ActiveCfg = Release|Win32
		{A156C1A9-BFD5-49E4-9B49-0D3DEA924453}.Release|Win32.Build.0 = Release|Win32
		{A156C1A9-BFD5-49E4-9B49-0D3DEA924453}.Release|x64.ActiveCfg = Release|x64
		{A156C1A9-BFD5-49E4-9B49-0D3DEA924453}.Release|x64.Build.0 = Release|x64
		{D06E0994-530D-4579-BCB9-541FADA917F0}.Debug|Any CPU.ActiveCfg = Debug|Win32
		{D06E0994-530D-4579-BCB9-541FADA917F0}.Debug|Mixed Platforms.ActiveCfg = Debug|Win32
		{D06E0994-530D-4579-BCB9-541FADA917F0}.Debug|Mixed Platforms.Build.0 = Debug|Win32
		{D06E0994-530D-4579-BCB9-541FADA917F0}.Debug|Win32.ActiveCfg = Debug|Win32
		{D06E0994-530D-4579-BCB9-541FADA917F0}.Debug|Win32.Build.0 = Debug|Win32
		{D06E0994-530D-4579-BCB9-541FADA917F0}.Debug|x64.ActiveCfg = Debug|Win32
		{D06E0994-530D-4579-BCB9-541FADA917F0}.EmuDebug|Any CPU.ActiveCfg = Debug|Win32
		{D06E0994-530D-4579-BCB9-541FADA917F0}.EmuDebug|Mixed Platforms.ActiveCfg = Debug|Win32
		{D06E0994-530D-4579-BCB9-541FADA917F0}.EmuDebug|Mixed Platforms.Build.0 = Debug|Win32
		{D06E0994-530D-4579-BCB9-541FADA917F0}.EmuDebug|Win32.ActiveCfg = Debug|Win32
		{D06E0994-530D-4579-BCB9-541FADA917F0}.EmuDebug|Win32.Build.0 = Debug|Win32
		{D06E0994-530D-4579-BCB9-541FADA917F0}.EmuDebug|x64.ActiveCfg = Debug|Win32
		{D06E0994-530D-4579-BCB9-541FADA917F0}.EmuRelease|Any CPU.ActiveCfg = Release|Win32
		{D06E0994-530D-4579-BCB9-541FADA917F0}.EmuRelease|Mixed Platforms.ActiveCfg = Release|Win32
		{D06E0994-530D-4579-BCB9-541FADA917F0}.EmuRelease|Mixed Platforms.Build.0 = Release|Win32
		{D06E0994-530D-4579-BCB9-541FADA917F0}.EmuRelease|Win32.ActiveCfg = Release|Win32
		{D06E0994-530D-4579-BCB9-541FADA917F0}.EmuRelease|Win32.Build.0 = Release|Win32
		{D06E0994-530D-4579-BCB9-541FADA917F0}.EmuRelease|x64.ActiveCfg = Release|Win32
		{D06E0994-530D-4579-BCB9-541FADA917F0}.Release|Any CPU.ActiveCfg = Release|Win32
		{D06E0994-530D-4579-BCB9-541FADA917F0}.Release|Mixed Platforms.ActiveCfg = Release|Win32
		{D06E0994-530D-4579-BCB9-541FADA917F0}.Release|Mixed Platforms.Build.0 = Release|Win32
		{D06E0994-530D-4579-BCB9-541FADA917F0}.Release|Win32.ActiveCfg = Release|Win32
		{D06E0994-530D-4579-BCB9-541FADA917F0}.Release|Win32.Build.0 = Release|Win32
		{D06E0994-530D-4579-BCB9-541FADA917F0}.Release|x64.ActiveCfg = Release|Win32
		{574FBEE5-8BB3-4206-8F7D-8608E1B13841}.Debug|Any CPU.ActiveCfg = Debug|x64
		{574FBEE5-8BB3-4206-8F7D-8608E1B13841}.Debug|Mixed Platforms.ActiveCfg = Debug|x64
		{574FBEE5-8BB3-4206-8F7D-8608E1B13841}.Debug|Mixed Platforms.Build.0 = Debug|x64
		{574FBEE5-8BB3-4206-8F7D-8608E1B13841}.Debug|Win32.ActiveCfg = Debug|Win32
		{574FBEE5-8BB3-4206-8F7D-8608E1B13841}.Debug|Win32.Build.0 = Debug|Win32
		{574FBEE5-8BB3-4206-8F7D-8608E1B13841}.Debug|x64.ActiveCfg = Debug|x64
		{574FBEE5-8BB3-4206-8F7D-8608E1B13841}.Debug|x64.Build.0 = Debug|x64
		{574FBEE5-8BB3-4206-8F7D-8608E1B13841}.EmuDebug|Any CPU.ActiveCfg = EmuDebug|x64
		{574FBEE5-8BB3-4206-8F7D-8608E1B13841}.EmuDebug|Mixed Platforms.ActiveCfg = EmuDebug|x64
		{574FBEE5-8BB3-4206-8F7D-8608E1B13841}.EmuDebug|Mixed Platforms.Build.0 = EmuDebug|x64
		{574FBEE5-8BB3-4206-8F7D-8608E1B13841}.EmuDebug|Win32.ActiveCfg = EmuDebug|Win32
		{574FBEE5-8BB3-4206-8F7D-8608E1B13841}.EmuDebug|Win32.Build.0 = EmuDebug|Win32
		{574FBEE5-8BB3-4206-8F7D-8608E1B13841}.EmuDebug|x64.ActiveCfg = EmuDebug|x64
		{574FBEE5-8BB3-4206-8F7D-8608E1B13841}.EmuDebug|x64.Build.0 = EmuDebug|x64
		{574FBEE5-8BB3-4206-8F7D-8608E1B13841}.EmuRelease|Any CPU.ActiveCfg = EmuRelease|x64
		{574FBEE5-8BB3-4206-8F7D-8608E1B13841}.EmuRelease|Mixed Platforms.ActiveCfg = EmuRelease|x64
		{574FBEE5-8BB3-4206-8F7D-8608E1B13841}.EmuRelease|Mixed Platforms.Build.0 = EmuRelease|x64
		{574FBEE5-8BB3-4206-8F7D-8608E1B13841}.EmuRelease|Win32.ActiveCfg = EmuRelease|Win32
		{574FBEE5-8BB3-4206-8F7D-8608E1B13841}.EmuRelease|Win32.Build.0 = EmuRelease|Win32
		{574FBEE5-8BB3-4206-8F7D-8608E1B13841}.EmuRelease|x64.ActiveCfg = EmuRelease|x64
		{574FBEE5-8BB3-4206-8F7D-8608E1B13841}.EmuRelease|x64.Build.0 = EmuRelease|x64
		{574FBEE5-8BB3-4206-8F7D-8608E1B13841}.Release|Any CPU.ActiveCfg = Release|x64
		{574FBEE5-8BB3-4206-8F7D-8608E1B13841}.Release|Mixed Platforms.ActiveCfg = Release|Win32
		{574FBEE5-8BB3-4206-8F7D-8608E1B13841}.Release|Mixed Platforms.Build.0 = Release|Win32
		{574FBEE5-8BB3-4206-8F7D-8608E1B13841}.Release|Win32.ActiveCfg = Release|Win32
		{574FBEE5-8BB3-4206-8F7D-8608E1B13841}.Release|Win32.Build.0 = Release|Win32
		{574FBEE5-8BB3-4206-8F7D-8608E1B13841}.Release|x64.ActiveCfg = Release|x64
		{574FBEE5-8BB3-4206-8F7D-8608E1B13841}.Release|x64.Build.0 = Release|x64
		{3F967EAD-5AD4-467A-8AD0-9C172D436D9E}.Debug|Any CPU.ActiveCfg = Debug|Win32
		{3F967EAD-5AD4-467A-8AD0-9C172D436D9E}.Debug|Mixed Platforms.ActiveCfg = Debug|Win32
		{3F967EAD-5AD4-467A-8AD0-9C172D436D9E}.Debug|Mixed Platforms.Build.0 = Debug|Win32
		{3F967EAD-5AD4-467A-8AD0-9C172D436D9E}.Debug|Win32.ActiveCfg = Debug|Win32
		{3F967EAD-5AD4-467A-8AD0-9C172D436D9E}.Debug|Win32.Build.0 = Debug|Win32
		{3F967EAD-5AD4-467A-8AD0-9C172D436D9E}.Debug|x64.ActiveCfg = Debug|Win32
		{3F967EAD-5AD4-467A-8AD0-9C172D436D9E}.EmuDebug|Any CPU.ActiveCfg = Debug|Win32
		{3F967EAD-5AD4-467A-8AD0-9C172D436D9E}.EmuDebug|Mixed Platforms.ActiveCfg = Debug|Win32
		{3F967EAD-5AD4-467A-8AD0-9C172D436D9E}.EmuDebug|Mixed Platforms.Build.0 = Debug|Win32
		{3F967EAD-5AD4-467A-8AD0-9C172D436D9E}.EmuDebug|Win32.ActiveCfg = Debug|Win32
		{3F967EAD-5AD4-467A-8AD0-9C172D436D9E}.EmuDebug|Win32.Build.0 = Debug|Win32
		{3F967EAD-5AD4-467A-8AD0-9C172D436D9E}.EmuDebug|x64.ActiveCfg = Debug|Win32
		{3F967EAD-5AD4-467A-8AD0-9C172D436D9E}.EmuRelease|Any CPU.ActiveCfg = Release|Win32
		{3F967EAD-5AD4-467A-8AD0-9C172D436D9E}.EmuRelease|Mixed Platforms.ActiveCfg = Release|Win32
		{3F967EAD-5AD4-467A-8AD0-9C172D436D9E}.EmuRelease|Mixed Platforms.Build.0 = Release|Win32
		{3F967EAD-5AD4-467A-8AD0-9C172D436D9E}.EmuRelease|Win32.ActiveCfg = Release|Win32
		{3F967EAD-5AD4-467A-8AD0-9C172D436D9E}.EmuRelease|Win32.Build.0 = Release|Win32
		{3F967EAD-5AD4-467A-8AD0-9C172D436D9E}.EmuRelease|x64.ActiveCfg = Release|Win32
		{3F967EAD-5AD4-467A-8AD0-9C172D436D9E}.Release|Any CPU.ActiveCfg = Release|Win32
		{3F967EAD-5AD4-467A-8AD0-9C172D436D9E}.Release|Mixed Platforms.ActiveCfg = Release|Win32
		{3F967EAD-5AD4-467A-8AD0-9C172D436D9E}.Release|Mixed Platforms.Build.0 = Release|Win32
		{3F967EAD-5AD4-467A-8AD0-9C172D436D9E}.Release|Win32.ActiveCfg = Release|Win32
		{3F967EAD-5AD4-467A-8AD0-9C172D436D9E}.Release|Win32.Build.0 = Release|Win32
		{3F967EAD-5AD4-467A-8AD0-9C172D436D9E}.Release|x64.ActiveCfg = Release|Win32
		{24080C56-4E13-4597-A3AB-C381F17A305C}.Debug|Any CPU.ActiveCfg = Debug|Win32
		{24080C56-4E13-4597-A3AB-C381F17A305C}.Debug|Mixed Platforms.ActiveCfg = Debug|Win32
		{24080C56-4E13-4597-A3AB-C381F17A305C}.Debug|Mixed Platforms.Build.0 = Debug|Win32
		{24080C56-4E13-4597-A3AB-C381F17A305C}.Debug|Win32.ActiveCfg = Debug|Win32
		{24080C56-4E13-4597-A3AB-C381F17A305C}.Debug|Win32.Build.0 = Debug|Win32
		{24080C56-4E13-4597-A3AB-C381F17A305C}.Debug|x64.ActiveCfg = Debug|Win32
		{24080C56-4E13-4597-A3AB-C381F17A305C}.EmuDebug|Any CPU.ActiveCfg = Debug|Win32
		{24080C56-4E13-4597-A3AB-C381F17A305C}.EmuDebug|Mixed Platforms.ActiveCfg = Debug|Win32
		{24080C56-4E13-4597-A3AB-C381F17A305C}.EmuDebug|Mixed Platforms.Build.0 = Debug|Win32
		{24080C56-4E13-4597-A3AB-C381F17A305C}.EmuDebug|Win32.ActiveCfg = Debug|Win32
		{24080C56-4E13-4597-A3AB-C381F17A305C}.EmuDebug|Win32.Build.0 = Debug|Win32
		{24080C56-4E13-4597-A3AB-C381F17A305C}.EmuDebug|x64.ActiveCfg = Debug|Win32
		{24080C56-4E13-4597-A3AB-C381F17A305C}.EmuRelease|Any CPU.ActiveCfg = Release|Win32
		{24080C56-4E13-4597-A3AB-C381F17A305C}.EmuRelease|Mixed Platforms.ActiveCfg = Release|Win32
		{24080C56-4E13-4597-A3AB-C381F17A305C}.EmuRelease|Mixed Platforms.Build.0 = Release|Win32
		{24080C56-4E13-4597-A3AB-C381F17A305C}.EmuRelease|Win32.ActiveCfg = Release|Win32
		{24080C56-4E13-4597-A3AB-C381F17A305C}.EmuRelease|Win32.Build.0 = Release|Win32
		{24080C56-4E13-4597-A3AB-C381F17A305C}.EmuRelease|x64.ActiveCfg = Release|Win32
		{24080C56-4E13-4597-A3AB-C381F17A305C}.Release|Any CPU.ActiveCfg = Release|Win32
		{24080C56-4E13-4597-A3AB-C381F17A305C}.Release|Mixed Platforms.ActiveCfg = Release|Win32
		{24080C56-4E13-4597-A3AB-C381F17A305C}.Release|Mixed Platforms.Build.0 = Release|Win32
		{24080C56-4E13-4597-A3AB-C381F17A305C}.Release|Win32.ActiveCfg = Release|Win32
		{24080C56-4E13-4597-A3AB-C381F17A305C}.Release|Win32.Build.0 = Release|Win32
		{24080C56-4E13-4597-A3AB-C381F17A305C}.Release|x64.ActiveCfg = Release|Win32
		{55F71337-32A6-4C26-8CBA-A06A9183D6F2}.Debug|Any CPU.ActiveCfg = Debug|x64
		{55F71337-32A6-4C26-8CBA-A06A9183D6F2}.Debug|Mixed Platforms.ActiveCfg = Debug|x64
		{55F71337-32A6-4C26-8CBA-A06A9183D6F2}.Debug|Mixed Platforms.Build.0 = Debug|x64
		{55F71337-32A6-4C26-8CBA-A06A9183D6F2}.Debug|Win32.ActiveCfg = Debug|Win32
		{55F71337-32A6-4C26-8CBA-A06A9183D6F2}.Debug|Win32.Build.0 = Debug|Win32
		{55F71337-32A6-4C26-8CBA-A06A9183D6F2}.Debug|x64.ActiveCfg = Debug|x64
		{55F71337-32A6-4C26-8CBA-A06A9183D6F2}.Debug|x64.Build.0 = Debug|x64
		{55F71337-32A6-4C26-8CBA-A06A9183D6F2}.EmuDebug|Any CPU.ActiveCfg = EmuDebug|x64
		{55F71337-32A6-4C26-8CBA-A06A9183D6F2}.EmuDebug|Mixed Platforms.ActiveCfg = EmuDebug|x64
		{55F71337-32A6-4C26-8CBA-A06A9183D6F2}.EmuDebug|Mixed Platforms.Build.0 = EmuDebug|x64
		{55F71337-32A6-4C26-8CBA-A06A9183D6F2}.EmuDebug|Win32.ActiveCfg = EmuDebug|Win32
		{55F71337-32A6-4C26-8CBA-A06A9183D6F2}.EmuDebug|Win32.Build.0 = EmuDebug|Win32
		{55F71337-32A6-4C26-8CBA-A06A9183D6F2}.EmuDebug|x64.ActiveCfg = EmuDebug|x64
		{55F71337-32A6-4C26-8CBA-A06A9183D6F2}.EmuDebug|x64.Build.0 = EmuDebug|x64
		{55F71337-32A6-4C26-8CBA-A06A9183D6F2}.EmuRelease|Any CPU.ActiveCfg = EmuRelease|x64
		{55F71337-32A6-4C26-8CBA-A06A9183D6F2}.EmuRelease|Mixed Platforms.ActiveCfg = EmuRelease|x64
		{55F71337-32A6-4C26-8CBA-A06A9183D6F2}.EmuRelease|Mixed Platforms.Build.0 = EmuRelease|x64
		{55F71337-32A6-4C26-8CBA-A06A9183D6F2}.EmuRelease|Win32.ActiveCfg = EmuRelease|Win32
		{55F71337-32A6-4C26-8CBA-A06A9183D6F2}.EmuRelease|Win32.Build.0 = EmuRelease|Win32
		{55F71337-32A6-4C26-8CBA-A06A9183D6F2}.EmuRelease|x64.ActiveCfg = EmuRelease|x64
		{55F71337-32A6-4C26-8CBA-A06A9183D6F2}.EmuRelease|x64.Build.0 = EmuRelease|x64
		{55F71337-32A6-4C26-8CBA-A06A9183D6F2}.Release|Any CPU.ActiveCfg = Release|x64
		{55F71337-32A6-4C26-8CBA-A06A9183D6F2}.Release|Mixed Platforms.ActiveCfg = Release|Win32
		{55F71337-32A6-4C26-8CBA-A06A9183D6F2}.Release|Mixed Platforms.Build.0 = Release|Win32
		{55F71337-32A6-4C26-8CBA-A06A9183D6F2}.Release|Win32.ActiveCfg = Release|Win32
		{55F71337-32A6-4C26-8CBA-A06A9183D6F2}.Release|Win32.Build.0 = Release|Win32
		{55F71337-32A6-4C26-8CBA-A06A9183D6F2}.Release|x64.ActiveCfg = Release|x64
		{55F71337-32A6-4C26-8CBA-A06A9183D6F2}.Release|x64.Build.0 = Release|x64
		{0361E404-ACBB-45AA-B15A-CAED90D12255}.Debug|Any CPU.ActiveCfg = Debug|Win32
		{0361E404-ACBB-45AA-B15A-CAED90D12255}.Debug|Mixed Platforms.ActiveCfg = Debug|Win32
		{0361E404-ACBB-45AA-B15A-CAED90D12255}.Debug|Mixed Platforms.Build.0 = Debug|Win32
		{0361E404-ACBB-45AA-B15A-CAED90D12255}.Debug|Win32.ActiveCfg = Debug|Win32
		{0361E404-ACBB-45AA-B15A-CAED90D12255}.Debug|Win32.Build.0 = Debug|Win32
		{0361E404-ACBB-45AA-B15A-CAED90D12255}.Debug|x64.ActiveCfg = Debug|Win32
		{0361E404-ACBB-45AA-B15A-CAED90D12255}.EmuDebug|Any CPU.ActiveCfg = Debug|Win32
		{0361E404-ACBB-45AA-B15A-CAED90D12255}.EmuDebug|Mixed Platforms.ActiveCfg = Debug|Win32
		{0361E404-ACBB-45AA-B15A-CAED90D12255}.EmuDebug|Mixed Platforms.Build.0 = Debug|Win32
		{0361E404-ACBB-45AA-B15A-CAED90D12255}.EmuDebug|Win32.ActiveCfg = Debug|Win32
		{0361E404-ACBB-45AA-B15A-CAED90D12255}.EmuDebug|Win32.Build.0 = Debug|Win32
		{0361E404-ACBB-45AA-B15A-CAED90D12255}.EmuDebug|x64.ActiveCfg = Debug|Win32
		{0361E404-ACBB-45AA-B15A-CAED90D12255}.EmuRelease|Any CPU.ActiveCfg = Release|Win32
		{0361E404-ACBB-45AA-B15A-CAED90D12255}.EmuRelease|Mixed Platforms.ActiveCfg = Release|Win32
		{0361E404-ACBB-45AA-B15A-CAED90D12255}.EmuRelease|Mixed Platforms.Build.0 = Release|Win32
		{0361E404-ACBB-45AA-B15A-CAED90D12255}.EmuRelease|Win32.ActiveCfg = Release|Win32
		{0361E404-ACBB-45AA-B15A-CAED90D12255}.EmuRelease|Win32.Build.0 = Release|Win32
		{0361E404-ACBB-45AA-B15A-CAED90D12255}.EmuRelease|x64.ActiveCfg = Release|Win32
		{0361E404-ACBB-45AA-B15A-CAED90D12255}.Release|Any CPU.ActiveCfg = Release|Win32
		{0361E404-ACBB-45AA-B15A-CAED90D12255}.Release|Mixed Platforms.ActiveCfg = Release|Win32
		{0361E404-ACBB-45AA-B15A-CAED90D12255}.Release|Mixed Platforms.Build.0 = Release|Win32
		{0361E404-ACBB-45AA-B15A-CAED90D12255}.Release|Win32.ActiveCfg = Release|Win32
		{0361E404-ACBB-45AA-B15A-CAED90D12255}.Release|Win32.Build.0 = Release|Win32
		{0361E404-ACBB-45AA-B15A-CAED90D12255}.Release|x64.ActiveCfg = Release|Win32
		{6C0A2F0D-7321-4B6E-898E-3A5585258574}.Debug|Any CPU.ActiveCfg = Debug|Win32
		{6C0A2F0D-7321-4B6E-898E-3A5585258574}.Debug|Mixed Platforms.ActiveCfg = Debug|Win32
		{6C0A2F0D-7321-4B6E-898E-3A5585258574}.Debug|Mixed Platforms.Build.0 = Debug|Win32
		{6C0A2F0D-7321-4B6E-898E-3A5585258574}.Debug|Win32.ActiveCfg = Debug|Win32
		{6C0A2F0D-7321-4B6E-898E-3A5585258574}.Debug|Win32.Build.0 = Debug|Win32
		{6C0A2F0D-7321-4B6E-898E-3A5585258574}.Debug|x64.ActiveCfg = Debug|Win32
		{6C0A2F0D-7321-4B6E-898E-3A5585258574}.EmuDebug|Any CPU.ActiveCfg = Debug|Win32
		{6C0A2F0D-7321-4B6E-898E-3A5585258574}.EmuDebug|Mixed Platforms.ActiveCfg = Debug|Win32
		{6C0A2F0D-7321-4B6E-898E-3A5585258574}.EmuDebug|Mixed Platforms.Build.0 = Debug|Win32
		{6C0A2F0D-7321-4B6E-898E-3A5585258574}.EmuDebug|Win32.ActiveCfg = Debug|Win32
		{6C0A2F0D-7321-4B6E-898E-3A5585258574}.EmuDebug|Win32.Build.0 = Debug|Win32
		{6C0A2F0D-7321-4B6E-898E-3A5585258574}.EmuDebug|x64.ActiveCfg = Debug|Win32
		{6C0A2F0D-7321-4B6E-898E-3A5585258574}.EmuRelease|Any CPU.ActiveCfg = Release|Win32
		{6C0A2F0D-7321-4B6E-898E-3A5585258574}.EmuRelease|Mixed Platforms.ActiveCfg = Release|Win32
		{6C0A2F0D-7321-4B6E-898E-3A5585258574}.EmuRelease|Mixed Platforms.Build.0 = Release|Win32
		{6C0A2F0D-7321-4B6E-898E-3A5585258574}.EmuRelease|Win32.ActiveCfg = Release|Win32
		{6C0A2F0D-7321-4B6E-898E-3A5585258574}.EmuRelease|Win32.Build.0 = Release|Win32
		{6C0A2F0D-7321-4B6E-898E-3A5585258574}.EmuRelease|x64.ActiveCfg = Release|Win32
		{6C0A2F0D-7321-4B6E-898E-3A5585258574}.Release|Any CPU.ActiveCfg = Release|Win32
		{6C0A2F0D-7321-4B6E-898E-3A5585258574}.Release|Mixed Platforms.ActiveCfg = Release|Win32
		{6C0A2F0D-7321-4B6E-898E-3A5585258574}.Release|Mixed Platforms.Build.0 = Release|Win32
		{6C0A2F0D-7321-4B6E-898E-3A5585258574}.Release|Win32.ActiveCfg = Release|Win32
		{6C0A2F0D-7321-4B6E-898E-3A5585258574}.Release|Win32.Build.0 = Release|Win32
		{6C0A2F0D-7321-4B6E-898E-3A5585258574}.Release|x64.ActiveCfg = Release|Win32
	EndGlobalSection
	GlobalSection(SolutionProperties) = preSolution
		HideSolutionNode = FALSE
	EndGlobalSection
EndGlobal
